
Microsoft Visual Studio Solution File, Format Version 12.00
# Visual Studio 15
VisualStudioVersion = 15.0.28307.1000
MinimumVisualStudioVersion = 10.0.40219.1
Project("{FAE04EC0-301F-11D3-BF4B-00C04F79EFBC}") = "ClearentCodingChallenge", "ClearentCodingChallenge\ClearentCodingChallenge.csproj", "{DADE2EEC-9035-4430-B1B8-3304BF59402F}"
EndProject
Project("{FAE04EC0-301F-11D3-BF4B-00C04F79EFBC}") = "UnitTests", "ClearentCodingChallenge\UnitTests\UnitTests.csproj", "{8C5A98FD-8514-4EAE-9783-513A1E6D502D}"
EndProject
Global
	GlobalSection(SolutionConfigurationPlatforms) = preSolution
		Debug|Any CPU = Debug|Any CPU
		Release|Any CPU = Release|Any CPU
	EndGlobalSection
	GlobalSection(ProjectConfigurationPlatforms) = postSolution
		{DADE2EEC-9035-4430-B1B8-3304BF59402F}.Debug|Any CPU.ActiveCfg = Debug|Any CPU
		{DADE2EEC-9035-4430-B1B8-3304BF59402F}.Debug|Any CPU.Build.0 = Debug|Any CPU
		{DADE2EEC-9035-4430-B1B8-3304BF59402F}.Release|Any CPU.ActiveCfg = Release|Any CPU
		{DADE2EEC-9035-4430-B1B8-3304BF59402F}.Release|Any CPU.Build.0 = Release|Any CPU
		{8C5A98FD-8514-4EAE-9783-513A1E6D502D}.Debug|Any CPU.ActiveCfg = Debug|Any CPU
		{8C5A98FD-8514-4EAE-9783-513A1E6D502D}.Debug|Any CPU.Build.0 = Debug|Any CPU
		{8C5A98FD-8514-4EAE-9783-513A1E6D502D}.Release|Any CPU.ActiveCfg = Release|Any CPU
		{8C5A98FD-8514-4EAE-9783-513A1E6D502D}.Release|Any CPU.Build.0 = Release|Any CPU
	EndGlobalSection
	GlobalSection(SolutionProperties) = preSolution
		HideSolutionNode = FALSE
	EndGlobalSection
	GlobalSection(ExtensibilityGlobals) = postSolution
		SolutionGuid = {ADCC3871-AC78-43C1-B973-214B514940BE}
	EndGlobalSection
EndGlobal
